
Microsoft Visual Studio Solution File, Format Version 12.00
# Visual Studio Version 16
VisualStudioVersion = 16.0.30204.135
MinimumVisualStudioVersion = 10.0.40219.1
Project("{9A19103F-16F7-4668-BE54-9A1E7A4F7556}") = "Pet.Core", "Pet.Core\Pet.Core.csproj", "{A637D4AA-1CDE-4DE3-BAB4-ABE4592A43CB}"
EndProject
Project("{9A19103F-16F7-4668-BE54-9A1E7A4F7556}") = "Pet.Data", "Pet.Data\Pet.Data.csproj", "{104C9F99-5B7C-40A9-9456-AF89B0885D37}"
EndProject
Project("{9A19103F-16F7-4668-BE54-9A1E7A4F7556}") = "Pet.Services", "Pet.Services\Pet.Services.csproj", "{38BC3C7B-53CA-4C33-9CB0-0C66D1432CF3}"
EndProject
Project("{FAE04EC0-301F-11D3-BF4B-00C04F79EFBC}") = "Pet.Admin", "Pet.Admin\Pet.Admin.csproj", "{78D0BC90-BBF2-4DCA-B830-35CEB13F81BE}"
EndProject
Project("{FAE04EC0-301F-11D3-BF4B-00C04F79EFBC}") = "Pet.Application", "Pet.Application\Pet.Application.csproj", "{6707DE75-D49B-4979-9E9D-2770F34D24C8}"
EndProject
Global
	GlobalSection(SolutionConfigurationPlatforms) = preSolution
		Debug|Any CPU = Debug|Any CPU
		Release|Any CPU = Release|Any CPU
	EndGlobalSection
	GlobalSection(ProjectConfigurationPlatforms) = postSolution
		{A637D4AA-1CDE-4DE3-BAB4-ABE4592A43CB}.Debug|Any CPU.ActiveCfg = Debug|Any CPU
		{A637D4AA-1CDE-4DE3-BAB4-ABE4592A43CB}.Debug|Any CPU.Build.0 = Debug|Any CPU
		{A637D4AA-1CDE-4DE3-BAB4-ABE4592A43CB}.Release|Any CPU.ActiveCfg = Release|Any CPU
		{A637D4AA-1CDE-4DE3-BAB4-ABE4592A43CB}.Release|Any CPU.Build.0 = Release|Any CPU
		{104C9F99-5B7C-40A9-9456-AF89B0885D37}.Debug|Any CPU.ActiveCfg = Debug|Any CPU
		{104C9F99-5B7C-40A9-9456-AF89B0885D37}.Debug|Any CPU.Build.0 = Debug|Any CPU
		{104C9F99-5B7C-40A9-9456-AF89B0885D37}.Release|Any CPU.ActiveCfg = Release|Any CPU
		{104C9F99-5B7C-40A9-9456-AF89B0885D37}.Release|Any CPU.Build.0 = Release|Any CPU
		{38BC3C7B-53CA-4C33-9CB0-0C66D1432CF3}.Debug|Any CPU.ActiveCfg = Debug|Any CPU
		{38BC3C7B-53CA-4C33-9CB0-0C66D1432CF3}.Debug|Any CPU.Build.0 = Debug|Any CPU
		{38BC3C7B-53CA-4C33-9CB0-0C66D1432CF3}.Release|Any CPU.ActiveCfg = Release|Any CPU
		{38BC3C7B-53CA-4C33-9CB0-0C66D1432CF3}.Release|Any CPU.Build.0 = Release|Any CPU
		{78D0BC90-BBF2-4DCA-B830-35CEB13F81BE}.Debug|Any CPU.ActiveCfg = Debug|Any CPU
		{78D0BC90-BBF2-4DCA-B830-35CEB13F81BE}.Debug|Any CPU.Build.0 = Debug|Any CPU
		{78D0BC90-BBF2-4DCA-B830-35CEB13F81BE}.Release|Any CPU.ActiveCfg = Release|Any CPU
		{78D0BC90-BBF2-4DCA-B830-35CEB13F81BE}.Release|Any CPU.Build.0 = Release|Any CPU
		{6707DE75-D49B-4979-9E9D-2770F34D24C8}.Debug|Any CPU.ActiveCfg = Debug|Any CPU
		{6707DE75-D49B-4979-9E9D-2770F34D24C8}.Debug|Any CPU.Build.0 = Debug|Any CPU
		{6707DE75-D49B-4979-9E9D-2770F34D24C8}.Release|Any CPU.ActiveCfg = Release|Any CPU
		{6707DE75-D49B-4979-9E9D-2770F34D24C8}.Release|Any CPU.Build.0 = Release|Any CPU
	EndGlobalSection
	GlobalSection(SolutionProperties) = preSolution
		HideSolutionNode = FALSE
	EndGlobalSection
	GlobalSection(ExtensibilityGlobals) = postSolution
		SolutionGuid = {8F9A3F61-D595-42F8-9628-1747441A61C4}
	EndGlobalSection
EndGlobal
